
Microsoft Visual Studio Solution File, Format Version 12.00
# Visual Studio 15
VisualStudioVersion = 15.0.27703.2035
MinimumVisualStudioVersion = 10.0.40219.1
Project("{FAE04EC0-301F-11D3-BF4B-00C04F79EFBC}") = "Сортировки пузырьком и выборкой", "Сортировки пузырьком и выборкой\Сортировки пузырьком и выборкой.csproj", "{085900A3-8E47-4D71-A481-B9512D507636}"
EndProject
Global
	GlobalSection(SolutionConfigurationPlatforms) = preSolution
		Debug|Any CPU = Debug|Any CPU
		Release|Any CPU = Release|Any CPU
	EndGlobalSection
	GlobalSection(ProjectConfigurationPlatforms) = postSolution
		{085900A3-8E47-4D71-A481-B9512D507636}.Debug|Any CPU.ActiveCfg = Debug|Any CPU
		{085900A3-8E47-4D71-A481-B9512D507636}.Debug|Any CPU.Build.0 = Debug|Any CPU
		{085900A3-8E47-4D71-A481-B9512D507636}.Release|Any CPU.ActiveCfg = Release|Any CPU
		{085900A3-8E47-4D71-A481-B9512D507636}.Release|Any CPU.Build.0 = Release|Any CPU
	EndGlobalSection
	GlobalSection(SolutionProperties) = preSolution
		HideSolutionNode = FALSE
	EndGlobalSection
	GlobalSection(ExtensibilityGlobals) = postSolution
		SolutionGuid = {B03D6BC0-3845-4B23-AC62-9FEF0188A76B}
	EndGlobalSection
EndGlobal
